# package revision sha256
adobemapping 66552 a387389a11bd1220be3016ef74342bb9a4e1e888cee21379f3aadac786da1da1
ae 79618 8afa5c20210007d2fd289c067c50f1b6fd4a4ee4d4afc465990cfd083c7e7a65
alphalph 79461 b47b23d6400d2e1f4bb162adf9b9a7ca9a6150000f3aa5647a675ecb02a283e9
amscls 77682 6bc23a08e43f0837581486d9ceb2624598fb28f56d88333848327dbc2cf48c2d
amsfonts 77682 8fa7a956504020982f0eeace49c2dc65ba7d19f178403030474d85c5709582b1
amsmath 79234 99c94f17b3072088da403a1642c5faef9ea510fe2376fad92a462403ea62139e
anysize 77682 64dba6c2eb17dd92d445d2909cf026fdd3f9b1ce829115288556f5208e80179f
arabxetex 79618 862b1b7fe698286d46779f4b0b0feeb068334ca4322dc1319dae98c88e8674cf
arphic 15878 fb0eb8ec13e210a3d1023478c35bd897f5e60049a05c87258ca19fa8452cb31b
atbegshi 79461 e357b2e5a67fc8c289aa5a0314b2025686c40880f87832cc65dfbe87900a6bef
attachfile2 79461 dd8dc0b7f6e753587402510e875f80c85b22e06d7546bbcbcfc4ab6a2c204c83
atveryend 79461 4acc21386007b9f2ef3045b2116ceb8f8afa3e1c646a1a1d89dd3f2ec75a7611
automata 19717 340755453ae68c3a90c34f72cbda09e7ac16a7de86429aaba9b6eb5d9ef49116
auxhook 79461 0e70d2e05e35bccfa19bd94e3e7e8ef9967e766040d8864871ba85f3f79bfd23
avantgar 77161 4200ef68e6a3564eb6dd3bbad9f760e70c10a81d7ad3a81b93988800dbd50141
babel 79370 6862e8bf7b1162e3dd9ac574fc57bf052f28bc39cc3ad6b67903c752b4fd5630
babel-basque 77682 8689ad004b6c1df4f083083fce4f991cea90d9dfaef9d3a79f10a5a4a6724157
babel-czech 30261 32f57457af647f8a6934138c01e95a8a785b29f66cd58febcc00526d9dbe1cc7
babel-danish 77682 d4b56061fa18685934cd78bf25c13ae62cdfd84d90ac57423b06f24fb0451d3b
babel-dutch 77682 c9955e9f5613abe9668d57c9b75bb68ecb5807811b3361b0f2828208f40e8664
babel-english 77682 615f7373205ae2bd19390a0aa2859d4e7617c0a28e780ccfdcbe9053e1b8d448
babel-finnish 77682 e2dd99486a59e04a4ed468a60494434292dbe5f8931a7d17d201b87ef3907d39
babel-french 79302 f14688a1bfc29ace9c84a28262c4c17c98fc9997a555f07140e73129f2959056
babel-german 78737 e41afb1acd736ed01da5d41e585497e6c4f5cc65c4f8f0920c7699836eefd749
babel-hungarian 79587 6f3658c8c0a9870ecdb70d1ca7581531171fcb4906da95e613e7167636571cf6
babel-italian 77371 ac5573b2ac94a89c252bf221faf8acc9719023393ad54b2353c6667ab7418dbd
babel-norsk 77682 567810d406d243d6d414dbe2a563eb442f8696fb4412f87ccb29c650af795f4b
babel-polish 77682 16be2b9af603ecc6f5655493657cff2e7aa60bd1624a1f21d2e8a89f7dd24144
babel-portuges 77682 640354f13f5f17019c19060437ab8b7bbda7cd2975239865fe5a2c7465e200f7
babel-spanish 79461 58b92ff26bc27683adbb19a1805a6a6c2e06594f5aa4c80170b92b0ff7c10b74
babel-swedish 77682 580cf4011816d97c166626381905576221e61ed43d534a960aba63dc18d9d2e3
babelbib 76790 3206b675dc96137d3245fba8e0bb79da24c26075394ffae7b7db44ba93513ab7
bbcard 19440 ca6c2dde49ef95372bfa90fb29ab13f748c02bae9f62bda8cabe94bff4824aca
beamer 78101 111ba50e6c4f33edc325dd7f744a9809368275b4b843076bd28030fb17e5a6b6
biber 79618 55bfd8b92a34f4fdcdca628de1e507d8127378a67995052d1f7a1bc003bad3ab
biblatex 77682 4430708b2431fba0ef904695bc62d0be09a1d89f9d3f44aa6e4364be7cac150c
biblatex-gb7714-2015 79337 54392f54099e5d804f58b0dd6d32950c26fdbf285bcfd35231ca34f2f7e5df7e
bibtex 77830 e6dfa9326ac3e153e8b07ccd02c7b092e00b3d9e0316ba61225a6deee119421b
bidi-atbegshi 62009 1e2a310fd192e47c71574519ef571b8f3e858800dd22938e844d3ad21030d2a6
bidicontour 77682 1af1bc5dcf8ee6264d01977e3e08d10bfb6df4df9a0150c047363daf7f521bb9
bidipagegrid 77682 e7904ed059d624d7b7f9c6731d33d2baa8262ff127b7a695f7bb32c821d6d2a5
bidipresentation 35267 40cdbc1824c051c7f83221e1f86b179fe3a31d2fd7e185a6a28a90635fcbd6ab
bidishadowtext 77682 4e5f17ba32775fa0347d47344beca6994e5778db30e3dd21d9a73fbdba6cb898
bigintcalc 79461 80e6439ee7904e32e5545b34d6fc764ede0ddf0d297ff52433f4cdd76f570404
bitset 79461 26cd2b6e29f211d94c2782e0799ca4462a8b64e394b67ab611d6cc2a9c7e26a4
blockdraw_mp 15878 c9f169f386d0f04e4852628b5933e78389cb29d9aaac3ff2a55492435d58447e
bookman 77161 ec4736522d6749513268a83502febc4dcb73346f8e0b70dafaa76a74ae8998ca
bookmark 79461 8cddd32bb5a3d1766e176ad09f435b8c52d5c005282335847a18333381416ca7
booktabs 77682 a5a9ed5c865f6aad4cd197f189f796f87b272bf9e0ebd2851debca2eef5fb613
bpolynomial 79618 f14cbb2a7ca77ce5fc1d3019a7d57e31e6d6e242c2d52085479bc8d038a2654a
breqn 79618 fdcfc008dde2c5b5d6cf2f769199f5f8bade1a6a9be9b1308d66c287832be12c
businesscard-qrcode 76924 6b154dd86ee8e143bb9d674f4b09d223a95d6b4063e546c5515c9d6ba27ab2be
caption 79618 ef4ae6ef70f095847d55bc407f8d55517856d33c2bcf2010e79988ac80b11acc
carlisle 79618 aeed9bc1174ff60f28662cb4057e78457085e186361f0c335a74aed669412629
charter 15878 34a08f3370093966207b4a3fed029c215882c89658925624362a877f927c9bd0
chinese-jfm 57758 fc27ee146296b0efadd7d50c8d3087a545021f101881507f4e83008ef125047e
cite 77682 75cbdc62a5db4489fc16a83cbfcfa12c5bfd055674eb7a3037e0f5b7f4af49a9
cjk 60865 744904abda9141fa1a448b6ad3ab6d1389e515e98dbad9489613d98194eee0f2
cjkpunct 41119 13a795ec51c28b1599211e236f556886a87a48be87531ae43e0ee4d07ff32340
cm 57963 ebedd3dc7ece433d366d848ea8bd9cd2642a0f49c000c46a2ed1dde5b1cebc1c
cm-super 15878 70867904e38451ab1a11ba4677dd5891914f128170b53fac26d3e9dca9d326e4
cmap 77682 cd6661b64d1859851b451b0d2461da77a8b3839056ba6210d4b1a35da4209edb
cmarrows 24378 8148de77536c3a2065a313633cd77072104ef73f6620ae168ba7667a83a52204
cmextra 57866 b07224532bb16bba4e0720a7f762acbab6a822f0c7cd463d85f3b36fc2ac3f8c
cns 45677 83be85f5baba92cbeb42adab165161a98e0fea97581d3f9ebb85799bc9946fb6
collection-basic 72890 b89049b511756599b6f004b7f8fc5df05e27b1e2ac87afd247cc6e2a4a43b6cb
collection-fontsrecommended 54074 a4de421c3ff528ab4e7dd91437b33418f8298027341cec856ede8d31d9e409de
collection-latex 78733 1fcd5223c52f9f0823067bac1de4150386f39faefe19f6603092d084727f3cb1
collection-latexrecommended 78568 51c4498ff42534cd4fc3b34e948598a382bb601afb28c85cacba8007d2d50740
collection-metapost 78867 c1bbeae0be1164c1b5bea820fc59096f977b1c8d3944d2541a80c7d4f3e8ed0a
collection-xetex 78834 418e2de52bd2b2c83549b1fc18150d7a4d30270c9c4ff5cc5b87e98f16b7a33c
colorprofiles 49086 4451bd870e03212ea3c531156371d6cdab3a2b81e80aea7c40f8c076824740a0
colortbl 79618 54ef7afdf801ef4b0053433168d652b0ca56110a35bade909df0006bae662a84
courier 77161 eaecb5bcd119e6409ac549fdffbe73a6bf7087daef43085104a1ba03787ec989
cqubeamer 54512 d203e73cc4b9f38ca4e8fea3c95e1791c02b07b95f240c75cf6a4405d3790211
crop 79618 9da1055ba06b778fe2b33e4cf5164f002e9cbb0237804f24e3f7247e843b4922
ctable 77682 fdb6b5ed86dbfde569099e238a37746de99552fdf549de7aab9e12bca2099209
ctablestack 78101 acf569fb4652f87c01068d6cc29f7d57989a3e00afe0bc1d1f641bd50599713d
ctex 79778 37d7c7d79acdcbb2fdd7103edaca8a946cf63eed72fcced14b5faf451f6113bf
ctex-faq 15878 63e4e597b7fb7bdcbd10aaf11f706de14ad9f7de874658a3b1478ae80bc84f8f
datetime 36650 d49a5892022e6dfe4e00bfea0876ded20a061d0e8d13448aeebb7bc8d544ac34
dehyph 48599 a727949e6fde73fecdf5c493faf381338850821ed2f6f7085dbd088ac5ef16a5
drv 29349 b30c2d6f3b3a8ee8fd91e6e5efe070d2a8db014e7655d6411a0a0ab6e7c4e727
dviincl 29349 2f01dd0bda5d6110cbdb9e08e4f6f59fd51f01b0f320b2cc9b58b214351ba06b
dvipdfmx 78409 c4b2b8776e0405a15823106fb7cd4b79d86e511e8d76b60b0eb4205008b6745d
dvips 77830 4cd5c2da6ad97ee6e621bcd158072f89699877374242395f2cef59b80dab587d
ec 25033 bb85425c214b1056b5f0b8f3bf1478b81e89bd7d290d61c7c73289b534786897
emp 23483 db18248b4df7e6a0b885667e8dc0fe9128b4beef2fe5559173dba3bbc9aa0cb6
enctex 34957 c069cae12bb8bf51b31044a981d93d8cb47dc06627175f1320515d2c187d28c5
enumitem 79618 1e1c0092c3728b76356a7b106a65134d14371a9b4aa61085cd11f4ce949dcf4b
epsincl 29349 8f8cd4bd8f784135c0e01db5af705a9735b98b1a31ff4ef5217bbde9b390f2ba
epstopdf 71782 b386bbb2b430c89d9a2d87f6eaa88a66897d1eb358559e50801500d8cd33da1a
epstopdf-pkg 79461 63a643ef70d86823d3814ab94462c10a8cf842775f3416c623362342a666031c
eso-pic 79229 3a257e260e6f7ee5ec7fbe07cd09a80d559e7fa4073956804498cc60eb670df2
etex 77830 f4792b640008ccc637a4d0cbaab2d90b58cfc96f7f73c3d9b02f2f4481cc59e3
etex-pkg 77682 6d0323de249a462a8386bc8aa4a1a2b36dc18def339e460ef9e743a28d671875
etexcmds 79461 e58347b35b0da2b10841f98069537ad95d6dad0679532463525bdc565318a2cc
etoolbox 77682 ffb21fc7073f9cb89dbc0bd999a98b1e9b7285fc1a46056254d4a167707f0658
euenc 19795 a9083d0184dea873338881fbcccb29cd7e9b2bb3ad7befea563a8acf7eae5c66
euler 79618 6b938863479cfdd7a3dcd18acd3b062a83d0d77c970aebcaab7a58a1fdaf01f5
euro 79618 1691845b9afd95a5eb70e07ae17ebe2d70c2dfdaaa0408fcd84c78f56d7d05e5
euro-ce 25714 0756c928792e4678b0533e650074426c2709fb28fb8d7fb26fc962a815180a6b
eurosym 78101 db2f7325383f6fa4ed2dc805c432da40fa1ecc742026928001b0cded9b3de07f
everyhook 35675 42bc819e84ad9b5c4da40590b69e35526f3b2d6acf080daff57b7f74e996f7d6
everysel 57489 35c04613080faab79bf9776d60f0e996ff7de6e70c9ec588d6df8c0013534297
everyshi 77682 3c9b382d0f1bd277218d5744c743d79d07e9c82f1b151127b0a2dfec0a8d205e
expressg 79618 b854007e770fcb73b81c94908f21b8f78e6da38d0ee4bcb375312b2ed3967fcc
exteps 19859 e3539e4588f5ff23f1885c96f2c32e0b8c8b2090ceee6232b8b6eca4fdeb563c
extractbb 77855 e7b65e8814ebd3cd0642e81b63e8278c709f1e1713a264c70a642c8c63bba1a4
extsizes 78101 36cc90e00c8c44028da8bbd03fac3b5dac3ddb47e03af8031a7c4d939896cdda
fancybox 77682 663954cd8269ebdeffaa867a1e709caa43860f6856befc60865ab4475a9c201e
fancyhdr 78348 08acefe6dd7d96f18d6b5f28af58f22c16801f6a031a64441f29ee0656444124
fancyref 77682 6cd43aedc1c85a4c897056d73967471ee6b93d23c3ffdcded4ab3ef226bda31d
fancyvrb 78721 7165cfa315248faa25225fec9be2b26af22cae455e3d7a19ef17a716d5583226
fandol 37889 0b71eebb1c9b9fbd1eb4281f8af3f6c1a556a394ba2b6eae69ed9bb76c5fa56a
featpost 35346 d4b38dc136d9579472b6fca86e7b04142b2cdc4ed328e3785f9bf063429b3976
feynmf 77682 d391a8cd7da5cce3caf7f550da45071f29865fd47583e790d5a56f148221a843
feynmp-auto 77682 0e0f05b26a291d1f7111c15bbf9eecaa6e1a247066c630de5c649441d3c64a84
filehook 77682 7c8d8798cc7eb5c1515db86592187f14a4d5406dffdbb819de77cfed446e63bb
firstaid 79234 fe09735b6acf6c7b39ce0d34e0c9b6180ef25e769c81baf1f6c3063f59183668
fix2col 78931 93f52c4685192a324f2510d23bb9ebd6ba449cded3baf39846737cb3e03dfeed
fixlatvian 21631 c947331575c6a177fbaaac3e0fc6ddf38e8bf777f463b6f0bea963d97bf8b54c
fiziko 78681 b73d0605d86d0192f315a840029ebd440f472278dc0e1a4b1cccb079bad43e53
float 79618 e45a8b31c32854de378096bb76ba06b63e37ed3db6f1ce5cd42a0bb0be4a512d
fmtcount 77682 2ad957bc338cf44b86531f883ba7a44158457faa32807c34b35d5969bb95f160
font-change-xetex 40404 e8a254e69284b2e4f9b7167174ba856cca14dced1f56edec7838358696e03722
fontbook 23608 43f5516f0a2d3e4da3099d40cfe1408f913041570deedf1830ae00ba8cdbd212
fonts-tlwg 79529 1bb5f9c661530da604d76ddce604e8605406414935b7fa9d1a0d009bea59bb83
fontspec 77682 d1c3061a1ee035841e87350d099016c913cd912cf445d61a766b2e0a625118d4
fontwrap 15878 5746e17c35c412783de7e0cdda542594adea56603e4788d8bb080d8ea44e6616
footnotehyper 77682 19020ccd8e38361231b1b38d59f112d6cc276b68d169b698d03cbbea21de0bcb
fp 79618 e8be42ec2063cb5595ee87a28c72d23acd044b8f599dcc998aeba2d20abb2dc3
fpl 79618 98ea140d101e0802ff266614d57f486495f1a6d063561d1474e68ac764fbc4aa
garrigues 15878 b6ad964690d96b7e0cb09bb30c0d24488ab46afb1a77279a915f3954214ec6d7
garuda-c90 60832 4ace2157ef4a67eedd65a64b8b975aee2bbb3a115cbb8b931d42206e8211aea7
geometry 78315 8ba10e4283961c9b0c5348351e40cd15612a7ea808e297b918528ebdfd07a50c
gettitlestring 79461 00e7545b6093893a21a636201d3e7e52a78b0773e988a5ad709c9b4d63f4a927
glyphlist 54074 93a3f9cda5939cd74f3eab8fc3dbaeee675f80c27730d931600b4622e2a3f041
gmp 77682 aa01bb430f1e3f4b76abe0968dca45f82f64c19d6efd30cc907aeb7f8c083978
graphics 79234 f0aaf4b7fe43f34820ee8474b9a0ae53051743db11ecb849310966d0bd895e1e
graphics-cfg 41448 f49fd69ee7b03442e3ce16837e846d1e108e8a71db098fe8eb707c0e3d8e2c6c
graphics-def 76719 711fa92c9559c7563fd2e359cb39a988e843d2499953742f95a29439e09e6b87
grfext 79461 9003dbc16de5af5c365d3c3867457c83c75a062271bc6c9529f79134c7e53633
grffile 79461 f22d1863bb0848a3a52469ff836364586f7d54b0bda1beae9425bc500af8adb6
hatching 23818 c34e4c260b0c54aec9d10f34830f069e2fc811d75c4099ba04b3e77f597cf013
helvetic 77161 155b23ee6096e32fe7a481500a75269027042abebc3955e7966327c1d1f41db4
hershey-mp 70885 5218f8d4db791c148c0e3fa989aeadc8deb379f4c9b2925d5dcb1789cc7db5a9
hologo 79461 3894bbe458f8fbee8e2278d9c73afa9d8321cc5febaf9de53df9c9747f084e97
hopatch 79461 d791278ccd7cb2556f2b454ef905eb8d61ef90f3f0572d6f3bf352154a04f0be
huffman 79290 8e43f107032d65882917ab67b42f5ad3fabadf71d55eb23741182825be0f9017
hycolor 79461 f8728b375fb9e92a7a904d1bab9876b2f230e8cc070447c24ff11781b856c7a8
hypcap 79461 e34f3031f763e3c663ccd1c80248c9967c3157e26450575d47ce3d0f2d193560
hyperref 79408 bf387626e9da0fbd1b8df9317215f0c2b653559fc561a3f840370d86c5bb02fe
hyph-utf8 79618 bb7ddfa4129050cd5d446ecad5bf033c9be3ee2a5614e0035c344a0323f6d344
hyphen-base 78076 fe8136043cf4f3a9b2750066e031fee12e0a2d15724aa484abd0b4ca1fbf6f8b
hyphen-basque 78069 7af159568c7135034573a7280eb92680b28e1c8c4b22410b07322f2352b688c5
hyphen-czech 78069 4fbb69046377ce47a3ca5ba76a4c4d18405ba7e88c52d85d3c334b825ee92c9b
hyphen-danish 79618 80a460a696e6794a285358f5c59ed3e5f74ea041cde00b7c8d3130ab751df0d8
hyphen-dutch 79618 2ded1602ae66c64235744ad72db659601026de79ed7e08e1cd8f1e6763fde630
hyphen-english 78069 cb22c0c51786d47aff5cef7dc6d0a47ab291d6da88c21ac6a9929f4409a456ab
hyphen-finnish 78069 edb4c8b9b7872f023bef4fb793d51a5926dd2268287c2d0e7f668679db575c5a
hyphen-french 78069 57100a3a7072b37a23de7efef01f0b089655ab10ec43b4d84aafcbd5ad690bd3
hyphen-german 78069 2bbfc00f6362b8ff525f902c1b5de47bbbb8cba8840a2ccfaf6591daa748ab12
hyphen-hungarian 78069 d309b4b6d3f2b5d8940dbea1d9137ab3b405ead29e9b9fb41304f44f79f2d1bb
hyphen-italian 78069 6efa7bf159b8bf3297404527716edd84a7032220644edfcd46c62fc9ff07c466
hyphen-norwegian 78069 f0bfac073fae3a7d192e28560882481e07758b77a9834272fc52b1c5eaa59431
hyphen-polish 78069 128b68a22215ffc5066a58af9bd3f8fe792412bfd4b5d5203583266048ad8a1e
hyphen-portuguese 78069 68031bec21717fe36f442b2af3fa168aa6bfb4c35f981c9e167b276c497e448e
hyphen-spanish 78069 ba1c9340f186573770ad28a513bb4aaa334b7bee50f5f902544f381fb058d835
hyphen-swedish 78069 6773d972a0c3c67209482d44ea9e04db728153a09196f9a4ad3987661da1e0a6
hyphenex 57387 1a4925b47f9d8bd6b7fe8696cb52543a181aa89dca4a4bc8bdd6650ed50c6076
ifplatform 77682 604c0057aa73e47bbfddea397e1b77cb8a1a60f40ffdc547cbeb0adbbc40552e
iftex 77682 39a2c498d55f19448ed7ac26c2143943669a0e4d99e8b804ba975889c3d86ec8
index 77682 96e49a5ccd06f077ada65213e766b6b90667b765d10fd626859cb5be70d97f88
infwarerr 79461 24a0de759e69cbf91889aced0445ce47b74e45cd4883fe41f5deffe197761f8c
intcalc 79461 29a49088da98bf618b66dd9fa904e35a48f779eb420ba2211b79a4cb8a6bb1c2
interchar 77682 0cea538c05b04e68b79f02ed1a925cdd0b9960ed55a57ee508ba5885a265defd
jknapltx 79739 9ff08cdfbe1a0c0132048788716f3236b0de1cc8069a3f436d906085ad4010b6
knuth-lib 57963 47f476f35cb04419e7d12667ac6e1a656f5bb2a9496821030490fc132ad85f5b
knuth-local 57963 5fac7dbcc4f8aae032705f1b63f95abbfc646267e384d4e594cd8b4b9b3b0781
koma-script 77575 047ba93b4895f64ea830d3bf7d6557dc5dae7085b3b763486736e277168005fb
kpathsea 79498 ad64a7d2e42f402780d8ddecd1d6fe152493d73a2b5357670f91ba14a2a85e24
kvdefinekeys 79461 93323551220521c2a5b38ef95dc165fda4ec329931790c5a1c5d43f5246488f9
kvoptions 79461 c93bd87cfee682ef3ecfaa76b40978174db1ba352fcf58323cf2b8cbf668697a
kvsetkeys 79461 96016d63dd7498047794adbee9bb849a1e0d9d55f3551780a764c1983c2b1b6d
l3backend 78544 9d0081fb9fb83948f60f00b451ba17d6131e43fcc915fc9472984a3a2026b78d
l3backend-dev 79718 4bae1a81dc40c4d7c7883ab23b8b0288336c119ff201ec859d3c5706bb524c72
l3experimental 79407 778d7eac7c19cb8f1886ef0afba0e99a9b89646a930fceb6a444e7ee2c8b1cee
l3kernel 79405 e1c2fd3f6dfa18076a6f64afb0f053b515dbe535a7c9995c3f22b1d580117f2a
l3kernel-dev 79718 607339c1f05fda5b32a4d09b9df5b93e4472abc96616b75b7022a151bbdb3aec
l3packages 76637 dbf8a6c910e8886960d735626bfc5249e08bef7eb611733b054184fe8c321091
lastpage 77682 6e968d2b8fcb2d82ef404a54f39a3bd43714f45cb14986a16f726c39a17af0e4
latex 79618 76f0176bae050a9221ec5eea7b6e2b1c56a5a0395cf4bff5df9a5ed491739882
latex-amsmath-dev 79242 0dea5b65faba70fd5ae1be59882341cfab3c4e8834eddde67d0ce84007fa2657
latex-base-dev 79242 9d8ddb5944d98274ef6f98295dff54ceb8667e60002aa97943dca78bbd392a04
latex-bin 78282 6447d5d3fb0656e9b886924a7498cde5b7d3d2a7fc1864cdd5a38666bf8429f2
latex-bin-dev 77830 83a1e3045ce3430a848e567c37de6161785b242f44d1b9cf48ae72262a8fc1ce
latex-firstaid-dev 79242 df73ee320784f5d1d515bf8ebbb0cfc5d673124abaf8c6d26ae1b08011c1a71c
latex-fonts 79618 6ceef2f25c8787eb9d39a6bdaeed94b0e4712e24c53052660e0d96eae938a867
latex-graphics-dev 79242 983eb74a092866e4543f8af48c95ce5bdd644d3bf36826e7937198959f927498
latex-lab 79404 45711dbae18af9842abdde447f123ff1e92f0337fcb1339f59d6f1658dcb1f5e
latex-lab-dev 79424 d2f03fd5829d2d6de88322d7bf5219c35447470fe1bc978982dc6888fe9c2010
latex-tools-dev 79242 c0d09da5d3d717a053cc7a66f9cb9bb289106f17822675d1151b32c58a6ad1d5
latexbug 79083 0c6bdd23e75a0ca5d61684a101f66b976c9746ce916bde722177542fbd8ba94f
latexconfig 68923 731e9bbf4829b62b0331de8bec8efd22278e478ec246a5a42125db5196e9bdfc
latexmk 78335 ec74070ae258d460c9968eb455b1692a90223ea0fe85c01b15715993026ab2ce
latexmp 55643 31b72027300dbed04542ac4b258832ba0019b238cca7ddaa3f2178fb75575df3
letltxmacro 79461 3b2c3bf8e526ea1d7c44a0adfa475a3d8413a5c874a26e80c519e3fa5304d5df
lineno 79618 1693bb2e9dcb7d84c93596d939ba48914b9217b84354a43124c51320c2c6b837
listings 77682 ba1a9cdb71d04dfbacf5ce3db3769d84849956595ab092e5cfd23082787b57c2
lm 77682 6ecafd1f066d189a0688c10572a01d45c231fa236d6ec1cca726ca4eef41e57c
lm-math 67718 876211c73c151423bb4d1fc17064847e09436ffbfd183d7f0078a1fa8ba9c387
logreq 53003 c59a8bcd1e2cd79da0b0e37a96b1b3cc92ac4bef71ca8e3ca452c677b0987d0e
ltx-talk 79821 29c256556308c1860110e526db03514833cae57fd24559f7534b2fc510d94c34
ltxcmds 79461 55893c6da822111bc6a189bc7809aa8ed7e66e53cd919a2ccd2ed90ba1426aaf
ltxmisc 75878 1f3b7b3791527ad16dbb56dc1f4984896c3aa162b99dc80b3ed8b0d80c130945
lua-alt-getopt 78415 122ca4e9e646f137c076ab7e07fe9d53464e97d370cbc47424fc1b361ba2926c
lua-uni-algos 76195 a7f9a14f2cb5dedd3d67997d9db3de9cfdef7003a797b33892fa8728578dfb95
lua-unicode-math 79419 01b19dda1449df2f27c799157731eb9fef2301f14d5065730ebf5c2110633b12
luahbtex 77830 3414bef02792b8d30a5ddb7fb37f05144bcf9a02a704a540e90542ff37a910c7
lualatex-math 77682 244c0a4256ddcfdf3475f798eb98afb7e175c5c7232b4a83b302b8d9bafbcf63
lualibs 78415 578bc9507b0d3e2e039296d87a5f419cef9461c1baedd83277f8fa43af5fb364
luamml 79442 f8a52653fd77b5bfc397ae69aa0f22a610596e02805a1c9eb857e8158d40c3b6
luaotfload 74324 90cee617e8cdb170c64c9acf340ad125fb1d10ab296991086e77f5efde236a9c
luatex 78218 f9b235e63171ac88fdab80e4e61465ca4ac140721cba9cff9709f06302f8c4a1
luatexbase 77682 1a497d3bd314884a07f4eb60d22d4c3d3496233f6d8e1e89da16fb3ffb86cb65
luatexja 79037 87a5e588fcab3d435c94b995cf35b92a800971dd19ca57e15e73ef53e016b112
lwarp 79391 13ba60606a5ace7050462a5b48d801efbdfbac1a6d9868e8c12341014d26f462
make4ht 78133 10db0d22a6dfddb8756e1ad30737776212a892918ce9313db30e9a0270b46dd0
makecmds 79618 fedccafd77cd62889a9d9947003b49a762756d9cdaa104618247f5045a00ba37
makeindex 75712 8d30090f6d40141341fdaafcd41412f8108db962c98e3268fe10f688e79736d2
manfnt-font 45777 f1bbb929781f5a5f524ec7f1a4871a58259c2b22eb637872f71264a5dcdc26d4
marvosym 79618 d8b1740e2c639f3acc6827fd040d14c55d9c3a62c3e8874fa15aed4e1f0c8cf7
mathpazo 77682 b42822082e609bc2c707bb2657ff5bf6f491718ab391d2c884f7dfed0d51ec15
mathspec 79618 a4e6fea1fac6ae350d37044ef960fea5a8b49765c7325456c3c1dfd5c0e7898f
mathtools 78251 36f506864454e08e255a69c24811f9a5f7567198d4371a5ddd54c33e6b881a85
mcf2graph 79502 d3e2897c30c60f07145541b808cded066a52cab3d9e0d11dfae841e73672b8b1
mdwtools 15878 7ec924de85dae1e7c61791268863ff0137825e1c74805d6faee2e06f92a0cab5
memoir 77682 96446e06d32fcc209332dcaa7932d6c845981270c0f7342749f9c9102a9872f0
metafont 77830 b18f81068b8411fe92080db0bcdb4c1920bceea6a337a836e0ed9c76d4e84c83
metago 79618 1d42fa69504fad294c1a456e44254d0070fa570cd727cd26855ca6d80557a3f7
metalogo 79461 d12b889fc60c7dd969ca9fdc9c64f2eab5edbf86bf4a38f861e4b0354aa91b10
metaobj 15878 92f2707e6b170275e3abe4c67357ec58d4cc61ec81932b74bea1ec5cc881a26e
metaplot 79618 baaaeb98335508c12c5fd5476831b7c8061429c8c7ddced7d55854c95c51068e
metapost 77830 0bc6c4b198242e229d70c079b424c76745d2a369ddb05525abe13cd2c96ed71e
metapost-colorbrewer 48753 ac3186d892797e29cc2280d82c1cb05e436b51a0de49f5604a634d4bbea7b6b9
metauml 49923 3e1168d3b5608b2196a746485a6c1567359efc745080ccf3256b064ec8e4b9a6
mflogo 79618 28aadb217a5180d16e65efcedf6000052b2a3b9cc64411569de63a3702931d26
mflogo-font 54512 872232b0651640e772d8d2366e2074b7c8e5dabd53617280c587ed210a2b0d42
mfnfss 79618 32e3dbace6b10a28a0d7c83bc26b24be1904069dfbca133f7bdd6e5f91673e35
mfpic 28444 0587cf0c55f4f8c73ea4ef3fc2e8a2fb7d72e363d44963a93fbe5b46fd39e2a7
mfpic4ode 79618 05f4588c3f9a415b06eff9b29faae0be456cd49e17a872a1e1a1246db1ed4851
mfware 77830 e22706ab74f60c0b42a7f74bf0ea41a4d39744b2f74143f50354b659bbcb3f1c
microtype 78228 19611cfc7ae6e929aaf1f3945da1a14be774d9d138f48e40257886874e1e8885
minim-hatching 70885 a0195dd45e7faeac45be988d09f2a134ca7ebb035716155dfbf60843e43a675c
modes 77365 29e84a4395b61f9dc1a96b334cc1e58524173c8f9139c9b43b9a61a23df74205
mp-gears 78918 5050f12a1a9e5f3de7fcf96d7635f4e04b8c5f1cbf0e4fbd44f29887b75f1939
mp-geom2d 77019 24bf555ae2346f3fff9b8dca1479f21989cdaf4da66daaa512532195e5b955ed
mp-neuralnetwork 73627 56a10a9339f4543f926018333865a13bf084dbfa298489fcee00ab45960d81bf
mp3d 29349 d7175f09a2ce9f15164d365ad104867ca8d6cf0ddd159c2be8e93599d8f63ff4
mparrows 39729 6a865c1dcbcac9ae29d00f9da64e742079ac9a4b30258850fc2d9e78978bf091
mpattern 15878 45405ebe37b9db446aad3121e67cd01607aa15f94dbb8c6cd49ea2a01b92a619
mpchess 78101 04a317b6538ae7e16796a450c290a0e7c195f3b86ca0c1a10c500b0c07806643
mpcolornames 79618 538beaf499dbe095654015542d5669c143b9a0b89792810424010b8dec8e77f1
mpgraphics 29776 3d0f7d1079289a356608411fd408fc1cf7c9ef7e05bce234090fc751fff45371
mpkiviat 75712 7df888b0f676988311d21a6aef68e9f515446c4df0c7d905a5f67494bf6b9144
mptopdf 79834 bd8be6982a0ddeb07155f7f3f67e6602f9a560d1b067feb793ed7e9bad1438d1
mptrees 70887 4e5e4c6cd54833382d2fd722f1cc5e7fe9208c33bf601ccc6385e4379e32e348
na-position 55559 733c505cf2bf1e82e2f8543424bc147a44d1dcbaf8d246a1b1b18546f7a0b664
natbib 79618 212c77a30dab80de50ffb64a497ab491ed1ff3439e76811993c19428faa1927a
ncntrsbk 77161 4976f1859fb159505e60f1a21274b6b63c5af88f2e03cd0ea6a7e3c84512f4b7
newfloat 79618 a7081874b81036c7d236d3f42cc66a40d42a82c65cb169bf12816cc0a552aea6
norasi-c90 60831 944a7ae4d49cc37ef60a4e13e78225b9f6c9b14cd3bdc785f5a84cefaad776d4
ntgclass 77239 d0091902c12b8441fc5fcd9b6c8cd6a1d28d88db67c2838013b7bb46853f6322
ntheorem 79618 030413280971d17decff54f02ac44749010eb127fa684033e811417e391eb84d
oberdiek 79461 e3d3626d429bd553624999b79bbd331082defd833bb2187cf4cd836cb399523f
pagesel 79461 998bed2487880000253481df15f313499ade11cf2d9e67d51d8f03d814eb1342
palatino 77161 a5950b7ce364231aace8830cdedbe6ab511bfe663a2f1ba0bd270e618463b6f1
parskip 77682 4dfce424501202b2ce95bd254dfccebb5dd78bb3924155996c670945a090c725
pdfcolfoot 79461 764504ba71c4827eef5a18c8489d40937fa95a55c83ae7522afaab8ce91d998d
pdfescape 79461 ffec9fd71668dd2cf7c9043205823cf134e45a77f827c47a641fb42f4b382a39
pdflscape 79461 1688a7f0340b560add98ea2e36e376046d91d664e544797190698c11c65fa896
pdfmanagement 79164 e09e84e72e3a7203a1856d04d1b743c1187661da6089a878141e419a9ea41bd6
pdfpages 78558 8a22406374e8ed2e971efc4b2d8526212af46237cef4c827eb7776a7a43bbc44
pdftex 79618 c40b19fcbceef8a2927de40790256b62390cdada330a68685fb5bbe6c36161e5
pdftexcmds 79461 bc039172c2fc834638824075441eb81881f807dbfea57ab1f380adb2abc72f17
pgf 78101 4b631606bc8314bce494eddf3ae4a23188861ccdc00abb8234e140c4849f0ade
philokalia 45356 fd47b6965a373503f4592cba72790e9ff6e204f330fa89f390f0a0e146bfbddd
piechartmp 19440 8cffe67f510202a07be6c8c52e1a9d953d7d0f89a1ba8321fb76ac6076dbcfc7
plain 75712 7fb50b0fe6f5fb9e63e5147804fa27853dc1d9f2319921404730447b201cde9f
platex 77830 edb7982526356cefcb8e05835def9e3a04b898b0d35ec7a9b8786ed4dc2a8acc
platex-tools 72097 7128746c6251c4dbeebe2509f035aa37993d2f2cd534ce145dbd5e136d63c75e
polyglossia 79752 0b9a60512ce4476bc69c95aaec6b9cf0431d4f712122db01f883f48ec64d050c
psfrag 15878 1f75c7b2da2638abab284c26e1864aff74b26e3ae65fbbd569329feb2560d3fe
pslatex 79618 9aaf7bf37a8811319154955c68b0a1bb38ecae230141a2f322d444e09aea7606
psnfss 79618 6757c5cb0b2dd1a2fb90e7ffa07994996c4e013797c5cbfe1d6a310aaa6ae067
pspicture 15878 35cbf289734c9b647f2d8b17df23cbc077e224c6b897763072f6c0c774a1af6f
ptex 77830 385f6fe2ab0c96681aee6260f578c45e32f63f5348e49883cab62088b964e331
ptex-base 64072 90329aebe0f38c5468317526ca8f16a2a576c533500efae46cd61ba5b3198ebb
ptex-fonts 64330 e4b03238c0741a7f75d59fb01a33419deed97835452fb3dfc70865995c6b7e16
ptext 77682 d85a4f68ebacd76bbddabb530c9f029aa92e698b9fc6dec634cb4b461f00787a
pxfonts 77682 bdddf89946b2a237a75d8d9ee9f2bc6597c868ba2eb73c0a4925a1e631aecd60
ragged2e 79618 2f34511fd759595069795aeb11f9cc9d917072fead6b031975cc5898200b4762
rcs 15878 1971c0f157538299f1abae3473f0f25ad4530303ff16da9b4d2145db30a68fbb
refcount 79461 cb936ff6207421f1c50646966288f9cbd509e6b852b69c285f87f1090e51d603
repere 66998 418749de72b2457a8e7ceb5f68c5be5fd273c81e875b16bb9294f3b4ef5ae12d
rerunfilecheck 79461 c0209268cb38faf35bf4223fb6c92036142b6f67613e1a394ea94d6ba2fa9bfb
revtex 67271 d25056f590995ebfe95edf1ee16057cbe8e091dec4ce9fb5aa6579c42d4adb8d
roex 45818 3f370f2f0e2a7c6a2103cb5d918743e7e7c00f75806ebdaf517306d7600c8f5f
roundrect 39796 6a650bb631d3c24f8f5fb075a5fff81609648f51cb85a3ec69a4e62560ea6c2b
rsfs 15878 1afec0c5e9711f652675e38b7cd7e88101c44aa0d0ff317ad6ac06f1d2cc7043
sansmath 79371 6831ecdfe1c6c3bbc40887f21c25b882cd939e58c30e1b2cd1ab97542bffdca6
scheme-small 78733 9420d65db19e171be520b77828797000ddbc508f58e54139c4b828addb359565
section 20180 7510c98ce653d07e6723207aebfdb7e68c737901cca292af8f7964f058f309bf
seminar 77682 141736ccf595e39fac37e68c4fd269fcaec561bcf8ab647478335e9592b59c41
sepnum 20186 1d0056a39ac24f7f529ed3e09f87e2a9e049f10db50d859f85356a2d2774729c
setspace 77682 92f124451fb6de7d0a0cd535cebffdcbd646c5f02699e0e717dba60496378046
shapes 42428 002e2a3e521d8074c00a927538069c14c14869a7061086076e2fb2b04219158d
shtthesis 62441 c49dd4e733944cb2dc7383b11c9c8685e124f70c66f9be97cac81659b96bf0a4
simple-resume-cv 43057 a4f61a537cc686cfdf41d7dafb2841c7ee834d6a960ee99f899c6b51ed0e210d
simple-thesis-dissertation 43058 3cd3395ab2f23fa1d22589bfb448878f2a93469a34c7c1dbfe828bd5988d2c50
slideshow 15878 d62afed47d4ee0f580614e5cfd1f43d5b9d1880dc2fcdabaf66ea2a70e106caf
splines 15878 915876f73c9e29367eca2205d6f94325c29408d9c421a7ebc7e69c3699cde46e
stringenc 79461 a6ed4eecf001045e4da96612e04207ac2273f2693d76f246ddc6ae7e85b515b5
suanpan 15878 44a1879c6b2219576984b57c0825ca407acc9c5b958195657bc7854e4272cb79
subfig 79618 cf7b066c5b63056977fa4f0553ad27b623df0f1893f8ae20b9d336d81915f99d
svn-prov 79618 74cf47446fd3ebe606dd944f16133571e79c15f85b7223bf5e5eed5692fb74b8
symbol 77161 c6b615bf830b8260a18f26a2aedd406c0e3aa9a24831cc1b2bc73be1774a669b
synctex 66203 3b8818c8a9cd1725f0c7fe2e4ff28176cb5012cb84819712e17247c00c6c34ea
tagpdf 79799 855711392a9e5957d6a3ceaa1f2392dee8aef1e7f36fa9c91377b3093996410c
tetragonos 49732 1b38f79676e1c7d06b85203c9e52aa9231b9a9110eff41309c7ee946399d0ead
tex 77830 81d8b16970dc8542859be5b1fb1df79a27400bb75f92f5c1770a916bf78e0b49
tex-gyre 68624 dfb4f55c4b02993003777a48663987bd102a3c5a2913172571e05fe2eb18407d
tex-gyre-math 41264 8972d19fec5a701499fb6edc86f3ac4266343d42140cf6ae27edd44c2e916da3
tex-ini-files 78524 d42eae30f6636140f32330c773f89cc16a6fd28607fe747be629ce71706b99f5
tex4ebook 78132 a1ffb2a5e0ddcd28e14b6476b8bcf11c132d4e1633f507c4d731c252f4b1e108
tex4ht 79750 7b6a3deb2367db62fb2201a410b1f1dadbd43a79d5afa7a1b29e17bcab12c355
texlive-common 79648 1587c1b08d6816d64e1e5765febb4cead6bb9de1d83a5061a3495599b3a0db13
texlive-en 79177 940eb0fb6c8738af4937ed70429351a97cbfd8f384aca84f6ba77f7a376d6859
texlive-msg-translations 78661 80bdf4104f2e126051b88d02fc5a69aa110313cbdc1d6640715565d018a1eeb4
texlive-scripts 79836 d2c6947d20f4be1e840913a7af56566da36fac62afee26e5eae10d6382310edf
texlive-scripts-extra 78162 39c7395da7b219c7f80c6982558a95cc311c14822a5bf1707f8ce15c48d8a431
texlive.infra 79653 148a51e694bb425afc63096f902efc0961de41d28ffdbd2f22430c7e28e0a3fd
textcase 77682 c36d4fea9dc6deaebb7a477b17b0304f0d9dec2491268f9b0ae9c96286ef6d08
textpath 15878 4154a67807771669b52887293259bcad9865a146070cc6becfda6367b4d1297b
threeddice 20675 8d2028251b0b4c0df0d7d072e6a21e341eb099e815dfbe4ebfe4f2c2af5a4814
thumbpdf 79461 b519d203337feac5eeab2db676fd2ff9528a213dccded0b2be0d3eccef58c045
times 77161 55f6097b5685a22a3ec1db61ae372ffe00b25d622ed4ee3d010cd8a037e48a00
tipa 79618 09c8c8cd3c660445dd59f611c08d943c227ebadb40f479fe3dc5236496409943
tlshell 78053 2553a59f586bd4da9f57b0f99e886ab51b8067ef0f963a38abf257f365d001a3
tocvsec2 77682 8b550ce7ed404d0c159520426469fcf4baf55ee9956503a27f36269c2615f006
tools 79234 2d0bfa3f66fb896b32cc4d9d9ba9866994aeeaa077ebdb37adef855b2eb20d55
translator 77682 012cbe2665ec07486d83ed68c830f3ad7215023370b0f6903ef092622cabbf50
transparent 79461 a83f6b878cae99137ee6a556ba997a95615f6b990470df6586584abb6371b619
ttfutils 77830 15072d44c6da9a4063b33a3a8ea9e10357d8ddaaf778f996211bdec55225f5f1
txfonts 77682 03189f5a8b40535a5ca705aabb80aa9e9c9b9c993ba5885f891a3cdfc80afb1d
typehtml 17134 3c946908886ea81680f0e183973f3cc501bed22b4d5220b77c09dd629f8ec557
ucharcat 78415 962aa0ae08a6118f5f1f3e3e222d834a5023272340b84f808bf44eecf752919f
ucharclasses 77682 f081c0d08dffa8802f0d90bbab87d57c3b581f2a7cab540797ae5b815370c3c9
uhc 16791 6c3df3ca1acee37f2a46fc2c42c24b4f27b89f985e95760f8a6b28f03f6c43af
ulem 78931 32af1894c98d4ad86ce2fd9272e2d95f1879d99838bb0c1df16456a5c299b389
underscore 79618 82c53ac96c4d1dd73c3a566fe66e0348469c97e5f51bd3a73190066904891718
undolabl 77682 6c9ab42ce4d8b73162100112bfd1972537c629421a60aaa782630ccc4f9c0d0f
unicode-bidi 77682 75d3efdb248351edcc57eb55a1b478f5fc833c536d876f79dc8c4ef1a00f8956
unicode-data 76413 5d1d3516a96246cfbace7457628e285a24df3b3ad77ea9d619bf8c46451ae6d6
unicode-math 78251 b942cda7caec4a597f839890af02553aaad319a873579a41e19344a95747633d
unimath-plain-xetex 72498 cf45710828f3ae50904a90bbd97f90bd9b7da490bcf537fb717f0db5875bb054
uniquecounter 79461 060cccb2d8ef1f6edd692cf7c21ab1d46a6028f09bfaf48a9d969fa9d2003376
unisugar 22357 3acd0b75546976ae26b00c5af92e2b22bd33ca06c74eabca84a8d89764180a32
uplatex 77830 a675b9b45638086a37e37422b0e026e01982f34345ff9f973a9b3a2847b74928
upquote 77682 f6b51f32fa865d979b1f78c5aebe1d545a55264cb78e484b59d06cabc6dd32dc
uptex 77830 f1cffbe36195c06682da010d6bd0608dcf4ee26948823ccdfe96d91e0a55fe8d
uptex-base 77840 b56449f827a13da8e199a6beba37f7f68be6db516d63b61cc49c067fd387f426
uptex-fonts 74119 28541dbebc85163bcf7d8237a16f3b61f4f3803e18c555cc44d6c962db39ac65
url 77682 947284b030f06cfcbc7abb831bb5dff2b19312cf778161ee477348c2dd88fc09
utopia 77682 d8148e06274d9f3eca68d90586ee4f5797068ce8bb9ff93a7cb24872f520a643
wadalab 42428 81918f1cd7ef1ced85c2adb30c8d6e5eaeba17d43af86b4a888b698085c47018
wasy 53533 9fc877454fef9746c8c85e5282caf349d7e67ed44ba2ee18202d76862e054d13
wasy-type1 53534 1bd86eff809059e4a7c009d8fbe2dd756e568de1d91d6489d82766a1b6f60129
wasysym 77682 6f574fd99a7304f0759aacc62a60747f4c8ef7922f53be6aa5ab168d78c45ef3
xcjk2uni 54958 0f1589f740bc9a24eb2b7214711c6e4f7c3a0f2fbe2ec76fc1d5bf0c11471c18
xcolor 77682 081d28d119901fca408b82a4c12862ed829e45f14a8678034ef02f8ecfd5da54
xdvi 79618 bdb1fc80183cf31c57c9d7c95667b852c92fd3b0a9ac6268f613e523310b7d31
xebaposter 75290 4da56b1ca094fbfea63d3f0b35407d107827ad1751a849f2f2231d0a9460ac37
xechangebar 77682 1bed93d19602cabecfb2ce5ce9fb7c3f94ee542c721400def05098255fe86797
xecjk 79774 1f73604c9b832a6d58018cd2c948d709a348fe0c170d2cd7ade4c7ef8513ac0b
xecolor 77682 66d88a80b0528f57237c78e61ee67032db01fa2cffff59ad5918a2213b320311
xecyr 77682 593896b80b3a4ac794d6364b6601a3eb709272fe46454d23e784413370339d64
xeindex 77682 64847058845da0a915fcbcbb6efb212c4160ad0ace73260a4ed054dc5f97fb1c
xelatex-dev 71363 c51463299986e3a570ccd6def82d653fc241ccc3476bc3779f8b4a002e05dd03
xesearch 77682 db9981ca6bd973df205f0c94a02f5e296b40d2f7ef4046aaa51e0bb1fb213fee
xespotcolor 77682 3955c4b87241821e8c546e5a44d0576be933c64adfad445dbd53501d619683a2
xetex 77830 8f0ccf01faadfc8a2df80e50113cfab525e8299a9b1c421322cabef7b61fa9db
xetex-devanagari 34296 2b8ff45641f207deacaa06b1e7c0d0e025f3c8a813829c0ef330b019b35fd2b5
xetex-itrans 55475 8c20f36ae226d089fee5bf8be80614cb418d8615b2900e8c742a7e3e65180523
xetex-pstricks 17055 e7de90016a418a7ac6a6f11d2042106b1af97682c53e5bbd508f9c5ec2c72820
xetex-tibetan 28847 b16ea132c2a42f89dd75c435e5c179cd52148dc68cff514c2be043c68f8f16fe
xetexconfig 45845 9a505894bdf246695cd1d7140f459f6589e36253da6cfe406c86bfadc70e104c
xetexfontinfo 15878 8208b938d8112b12c132059b287dbfa16befa1d466f6a0bb0b2668c43231bbc0
xetexko 77682 c3167cf55470716b18900f08928d7e36419381b7a2511bd86f314b5defc50e30
xetexref 73885 1234b66aac2c5bb6c29830a29a287c6a68a172cac59e713cc374f302490fbce0
xevlna 77682 fb029d5dfbe0f3f50f2097e50efd31553d12cda6d565cf2009d7d54928ebfe31
xfrac 77682 a663f461d834bcccd7ad525e8cfdf14b3c175e3ecfa3fe7d12839f7c054b688b
xits 55730 cdc51390b6ad6e1151d0186c5be4b24d8bc910e338fa472db282023825c74409
xkeyval 77682 b9ff864c4f6e029b20c4f15f26a378bc9c089016225d4e19949af939259e0161
xltxtra 77682 9a42c28340a004d9cc35b0ca94eb21f09491617a7b4d308760d76d4ede6a99e8
xpatch 77682 4ad016952188a1e822871242ebbb6fb4ea1eb0041a7fd7e50fe87d9d001bb7c3
xpinyin 79618 c1a1ae4c3f2a9b4a1f36b8e7b96793ffe70f1e4a4467ae28aa84c6b69285cc0b
xstring 77682 55356a92ac81d131d4931ee34f7d4887b64b0fc093983f815955d98a2a715cd0
xunicode 77682 e0ab404031563884e3769dda49113ddb363c01172b0008a2efdbc0560420b4db
zapfchan 77161 b1af3ec046fc3bdc9c1f35586a523cfd1393d02fd28e146b3efd2260d3311214
zapfding 77161 7c95b0011067228c4395aef990d92e190a66f825f6f3fb5bf09a738893b47ece
zbmath-review-template 59693 41b88cd20b737535afaaf96d1daacffd301d7287f4516847f05bd5cd73c2573f
zhmetrics 79618 ab15438a09b041c072023294fc66bd8fd13d5e4701daf3b8463b3855fde4493f
zhmetrics-uptex 40728 23d39e30eccc3b650f2a87ad830e1906f1e24d47e41d40cc36d846cd6c32350f
zhnumber 79618 49c8ccace7f9095b88b7d3b21f3483d0ea530d9381839e923d0838d5dbfee60e
